// !$*UTF8*$!
{
	archiveVersion = 1;
	classes = {
	};
	objectVersion = 50;
	objects = {

/* Begin PBXBuildFile section */
		970E85022243277D00FF3A07 /* AppDelegate.swift in Sources */ = {isa = PBXBuildFile; fileRef = 970E85012243277D00FF3A07 /* AppDelegate.swift */; };
		970E85042243277D00FF3A07 /* ViewController.swift in Sources */ = {isa = PBXBuildFile; fileRef = 970E85032243277D00FF3A07 /* ViewController.swift */; };
		970E85072243277D00FF3A07 /* Main.storyboard in Resources */ = {isa = PBXBuildFile; fileRef = 970E85052243277D00FF3A07 /* Main.storyboard */; };
		970E85092243277E00FF3A07 /* Assets.xcassets in Resources */ = {isa = PBXBuildFile; fileRef = 970E85082243277E00FF3A07 /* Assets.xcassets */; };
		970E850C2243277E00FF3A07 /* LaunchScreen.storyboard in Resources */ = {isa = PBXBuildFile; fileRef = 970E850A2243277E00FF3A07 /* LaunchScreen.storyboard */; };
		970E85142243282500FF3A07 /* ListTableViewController.swift in Sources */ = {isa = PBXBuildFile; fileRef = 970E85132243282500FF3A07 /* ListTableViewController.swift */; };
		970E8516224328B300FF3A07 /* TableData.plist in Resources */ = {isa = PBXBuildFile; fileRef = 970E8515224328B300FF3A07 /* TableData.plist */; };
		97C352462249C7D800659086 /* Districts.plist in Resources */ = {isa = PBXBuildFile; fileRef = 97C352452249C7D800659086 /* Districts.plist */; };
/* End PBXBuildFile section */

/* Begin PBXFileReference section */
		970E84FE2243277D00FF3A07 /* LoadDataFromPlist.app */ = {isa = PBXFileReference; explicitFileType = wrapper.application; includeInIndex = 0; path = LoadDataFromPlist.app; sourceTree = BUILT_PRODUCTS_DIR; };
		970E85012243277D00FF3A07 /* AppDelegate.swift */ = {isa = PBXFileReference; lastKnownFileType = sourcecode.swift; path = AppDelegate.swift; sourceTree = "<group>"; };
		970E85032243277D00FF3A07 /* ViewController.swift */ = {isa = PBXFileReference; lastKnownFileType = sourcecode.swift; path = ViewController.swift; sourceTree = "<group>"; };
		970E85062243277D00FF3A07 /* Base */ = {isa = PBXFileReference; lastKnownFileType = file.storyboard; name = Base; path = Base.lproj/Main.storyboard; sourceTree = "<group>"; };
		970E85082243277E00FF3A07 /* Assets.xcassets */ = {isa = PBXFileReference; lastKnownFileType = folder.assetcatalog; path = Assets.xcassets; sourceTree = "<group>"; };
		970E850B2243277E00FF3A07 /* Base */ = {isa = PBXFileReference; lastKnownFileType = file.storyboard; name = Base; path = Base.lproj/LaunchScreen.storyboard; sourceTree = "<group>"; };
		970E850D2243277E00FF3A07 /* Info.plist */ = {isa = PBXFileReference; lastKnownFileType = text.plist.xml; path = Info.plist; sourceTree = "<group>"; };
		970E85132243282500FF3A07 /* ListTableViewController.swift */ = {isa = PBXFileReference; lastKnownFileType = sourcecode.swift; path = ListTableViewController.swift; sourceTree = "<group>"; };
		970E8515224328B300FF3A07 /* TableData.plist */ = {isa = PBXFileReference; lastKnownFileType = text.plist.xml; path = TableData.plist; sourceTree = "<group>"; };
		97C352452249C7D800659086 /* Districts.plist */ = {isa = PBXFileReference; fileEncoding = 4; lastKnownFileType = text.plist.xml; name = Districts.plist; path = ../../../Downloads/Districts.plist; sourceTree = "<group>"; };
/* End PBXFileReference section */

/* Begin PBXFrameworksBuildPhase section */
		970E84FB2243277D00FF3A07 /* Frameworks */ = {
			isa = PBXFrameworksBuildPhase;
			buildActionMask = 2147483647;
			files = (
			);
			runOnlyForDeploymentPostprocessing = 0;
		};
/* End PBXFrameworksBuildPhase section */

/* Begin PBXGroup section */
		970E84F52243277C00FF3A07 = {
			isa = PBXGroup;
			children = (
				970E85002243277D00FF3A07 /* LoadDataFromPlist */,
				970E84FF2243277D00FF3A07 /* Products */,
			);
			sourceTree = "<group>";
		};
		970E84FF2243277D00FF3A07 /* Products */ = {
			isa = PBXGroup;
			children = (
				970E84FE2243277D00FF3A07 /* LoadDataFromPlist.app */,
			);
			name = Products;
			sourceTree = "<group>";
		};
		970E85002243277D00FF3A07 /* LoadDataFromPlist */ = {
			isa = PBXGroup;
			children = (
				970E85012243277D00FF3A07 /* AppDelegate.swift */,
				970E85032243277D00FF3A07 /* ViewController.swift */,
				970E85052243277D00FF3A07 /* Main.storyboard */,
				970E85132243282500FF3A07 /* ListTableViewController.swift */,
				97C352452249C7D800659086 /* Districts.plist */,
				970E8515224328B300FF3A07 /* TableData.plist */,
				970E85082243277E00FF3A07 /* Assets.xcassets */,
				970E850A2243277E00FF3A07 /* LaunchScreen.storyboard */,
				970E850D2243277E00FF3A07 /* Info.plist */,
			);
			path = LoadDataFromPlist;
			sourceTree = "<group>";
		};
/* End PBXGroup section */

/* Begin PBXNativeTarget section */
		970E84FD2243277D00FF3A07 /* LoadDataFromPlist */ = {
			isa = PBXNativeTarget;
			buildConfigurationList = 970E85102243277E00FF3A07 /* Build configuration list for PBXNativeTarget "LoadDataFromPlist" */;
			buildPhases = (
				970E84FA2243277D00FF3A07 /* Sources */,
				970E84FB2243277D00FF3A07 /* Frameworks */,
				970E84FC2243277D00FF3A07 /* Resources */,
			);
			buildRules = (
			);
			dependencies = (
			);
			name = LoadDataFromPlist;
			productName = LoadDataFromPlist;
			productReference = 970E84FE2243277D00FF3A07 /* LoadDataFromPlist.app */;
			productType = "com.apple.product-type.application";
		};
/* End PBXNativeTarget section */

/* Begin PBXProject section */
		970E84F62243277C00FF3A07 /* Project object */ = {
			isa = PBXProject;
			attributes = {
				LastSwiftUpdateCheck = 0940;
				LastUpgradeCheck = 0940;
				ORGANIZATIONNAME = "Vũ";
				TargetAttributes = {
					970E84FD2243277D00FF3A07 = {
						CreatedOnToolsVersion = 9.4.1;
					};
				};
			};
			buildConfigurationList = 970E84F92243277C00FF3A07 /* Build configuration list for PBXProject "LoadDataFromPlist" */;
			compatibilityVersion = "Xcode 9.3";
			developmentRegion = en;
			hasScannedForEncodings = 0;
			knownRegions = (
				en,
				Base,
			);
			mainGroup = 970E84F52243277C00FF3A07;
			productRefGroup = 970E84FF2243277D00FF3A07 /* Products */;
			projectDirPath = "";
			projectRoot = "";
			targets = (
				970E84FD2243277D00FF3A07 /* LoadDataFromPlist */,
			);
		};
/* End PBXProject section */

/* Begin PBXResourcesBuildPhase section */
		970E84FC2243277D00FF3A07 /* Resources */ = {
			isa = PBXResourcesBuildPhase;
			buildActionMask = 2147483647;
			files = (
				970E850C2243277E00FF3A07 /* LaunchScreen.storyboard in Resources */,
				97C352462249C7D800659086 /* Districts.plist in Resources */,
				970E85092243277E00FF3A07 /* Assets.xcassets in Resources */,
				970E8516224328B300FF3A07 /* TableData.plist in Resources */,
				970E85072243277D00FF3A07 /* Main.storyboard in Resources */,
			);
			runOnlyForDeploymentPostprocessing = 0;
		};
/* End PBXResourcesBuildPhase section */

/* Begin PBXSourcesBuildPhase section */
		970E84FA2243277D00FF3A07 /* Sources */ = {
			isa = PBXSourcesBuildPhase;
			buildActionMask = 2147483647;
			files = (
				970E85142243282500FF3A07 /* ListTableViewController.swift in Sources */,
				970E85042243277D00FF3A07 /* ViewController.swift in Sources */,
				970E85022243277D00FF3A07 /* AppDelegate.swift in Sources */,
			);
			runOnlyForDeploymentPostprocessing = 0;
		};
/* End PBXSourcesBuildPhase section */

/* Begin PBXVariantGroup section */
		970E85052243277D00FF3A07 /* Main.storyboard */ = {
			isa = PBXVariantGroup;
			children = (
				970E85062243277D00FF3A07 /* Base */,
			);
			name = Main.storyboard;
			sourceTree = "<group>";
		};
		970E850A2243277E00FF3A07 /* LaunchScreen.storyboard */ = {
			isa = PBXVariantGroup;
			children = (
				970E850B2243277E00FF3A07 /* Base */,
			);
			name = LaunchScreen.storyboard;
			sourceTree = "<group>";
		};
/* End PBXVariantGroup section */

/* Begin XCBuildConfiguration section */
		970E850E2243277E00FF3A07 /* Debug */ = {
			isa = XCBuildConfiguration;
			buildSettings = {
				ALWAYS_SEARCH_USER_PATHS = NO;
				CLANG_ANALYZER_NONNULL = YES;
				CLANG_ANALYZER_NUMBER_OBJECT_CONVERSION = YES_AGGRESSIVE;
				CLANG_CXX_LANGUAGE_STANDARD = "gnu++14";
				CLANG_CXX_LIBRARY = "libc++";
				CLANG_ENABLE_MODULES = YES;
				CLANG_ENABLE_OBJC_ARC = YES;
				CLANG_ENABLE_OBJC_WEAK = YES;
				CLANG_WARN_BLOCK_CAPTURE_AUTORELEASING = YES;
				CLANG_WARN_BOOL_CONVERSION = YES;
				CLANG_WARN_COMMA = YES;
				CLANG_WARN_CONSTANT_CONVERSION = YES;
				CLANG_WARN_DEPRECATED_OBJC_IMPLEMENTATIONS = YES;
				CLANG_WARN_DIRECT_OBJC_ISA_USAGE = YES_ERROR;
				CLANG_WARN_DOCUMENTATION_COMMENTS = YES;
				CLANG_WARN_EMPTY_BODY = YES;
				CLANG_WARN_ENUM_CONVERSION = YES;
				CLANG_WARN_INFINITE_RECURSION = YES;
				CLANG_WARN_INT_CONVERSION = YES;
				CLANG_WARN_NON_LITERAL_NULL_CONVERSION = YES;
				CLANG_WARN_OBJC_IMPLICIT_RETAIN_SELF = YES;
				CLANG_WARN_OBJC_LITERAL_CONVERSION = YES;
				CLANG_WARN_OBJC_ROOT_CLASS = YES_ERROR;
				CLANG_WARN_RANGE_LOOP_ANALYSIS = YES;
				CLANG_WARN_STRICT_PROTOTYPES = YES;
				CLANG_WARN_SUSPICIOUS_MOVE = YES;
				CLANG_WARN_UNGUARDED_AVAILABILITY = YES_AGGRESSIVE;
				CLANG_WARN_UNREACHABLE_CODE = YES;
				CLANG_WARN__DUPLICATE_METHOD_MATCH = YES;
				CODE_SIGN_IDENTITY = "iPhone Developer";
				COPY_PHASE_STRIP = NO;
				DEBUG_INFORMATION_FORMAT = dwarf;
				ENABLE_STRICT_OBJC_MSGSEND = YES;
				ENABLE_TESTABILITY = YES;
				GCC_C_LANGUAGE_STANDARD = gnu11;
				GCC_DYNAMIC_NO_PIC = NO;
				GCC_NO_COMMON_BLOCKS = YES;
				GCC_OPTIMIZATION_LEVEL = 0;
				GCC_PREPROCESSOR_DEFINITIONS = (
					"DEBUG=1",
					"$(inherited)",
				);
				GCC_WARN_64_TO_32_BIT_CONVERSION = YES;
				GCC_WARN_ABOUT_RETURN_TYPE = YES_ERROR;
				GCC_WARN_UNDECLARED_SELECTOR = YES;
				GCC_WARN_UNINITIALIZED_AUTOS = YES_AGGRESSIVE;
				GCC_WARN_UNUSED_FUNCTION = YES;
				GCC_WARN_UNUSED_VARIABLE = YES;
				IPHONEOS_DEPLOYMENT_TARGET = 11.4;
				MTL_ENABLE_DEBUG_INFO = YES;
				ONLY_ACTIVE_ARCH = YES;
				SDKROOT = iphoneos;
				SWIFT_ACTIVE_COMPILATION_CONDITIONS = DEBUG;
				SWIFT_OPTIMIZATION_LEVEL = "-Onone";
			};
			name = Debug;
		};
		970E850F2243277E00FF3A07 /* Release */ = {
			isa = XCBuildConfiguration;
			buildSettings = {
				ALWAYS_SEARCH_USER_PATHS = NO;
				CLANG_ANALYZER_NONNULL = YES;
				CLANG_ANALYZER_NUMBER_OBJECT_CONVERSION = YES_AGGRESSIVE;
				CLANG_CXX_LANGUAGE_STANDARD = "gnu++14";
				CLANG_CXX_LIBRARY = "libc++";
				CLANG_ENABLE_MODULES = YES;
				CLANG_ENABLE_OBJC_ARC = YES;
				CLANG_ENABLE_OBJC_WEAK = YES;
				CLANG_WARN_BLOCK_CAPTURE_AUTORELEASING = YES;
				CLANG_WARN_BOOL_CONVERSION = YES;
				CLANG_WARN_COMMA = YES;
				CLANG_WARN_CONSTANT_CONVERSION = YES;
				CLANG_WARN_DEPRECATED_OBJC_IMPLEMENTATIONS = YES;
				CLANG_WARN_DIRECT_OBJC_ISA_USAGE = YES_ERROR;
				CLANG_WARN_DOCUMENTATION_COMMENTS = YES;
				CLANG_WARN_EMPTY_BODY = YES;
				CLANG_WARN_ENUM_CONVERSION = YES;
				CLANG_WARN_INFINITE_RECURSION = YES;
				CLANG_WARN_INT_CONVERSION = YES;
				CLANG_WARN_NON_LITERAL_NULL_CONVERSION = YES;
				CLANG_WARN_OBJC_IMPLICIT_RETAIN_SELF = YES;
				CLANG_WARN_OBJC_LITERAL_CONVERSION = YES;
				CLANG_WARN_OBJC_ROOT_CLASS = YES_ERROR;
				CLANG_WARN_RANGE_LOOP_ANALYSIS = YES;
				CLANG_WARN_STRICT_PROTOTYPES = YES;
				CLANG_WARN_SUSPICIOUS_MOVE = YES;
				CLANG_WARN_UNGUARDED_AVAILABILITY = YES_AGGRESSIVE;
				CLANG_WARN_UNREACHABLE_CODE = YES;
				CLANG_WARN__DUPLICATE_METHOD_MATCH = YES;
				CODE_SIGN_IDENTITY = "iPhone Developer";
				COPY_PHASE_STRIP = NO;
				DEBUG_INFORMATION_FORMAT = "dwarf-with-dsym";
				ENABLE_NS_ASSERTIONS = NO;
				ENABLE_STRICT_OBJC_MSGSEND = YES;
				GCC_C_LANGUAGE_STANDARD = gnu11;
				GCC_NO_COMMON_BLOCKS = YES;
				GCC_WARN_64_TO_32_BIT_CONVERSION = YES;
				GCC_WARN_ABOUT_RETURN_TYPE = YES_ERROR;
				GCC_WARN_UNDECLARED_SELECTOR = YES;
				GCC_WARN_UNINITIALIZED_AUTOS = YES_AGGRESSIVE;
				GCC_WARN_UNUSED_FUNCTION = YES;
				GCC_WARN_UNUSED_VARIABLE = YES;
				IPHONEOS_DEPLOYMENT_TARGET = 11.4;
				MTL_ENABLE_DEBUG_INFO = NO;
				SDKROOT = iphoneos;
				SWIFT_COMPILATION_MODE = wholemodule;
				SWIFT_OPTIMIZATION_LEVEL = "-O";
				VALIDATE_PRODUCT = YES;
			};
			name = Release;
		};
		970E85112243277E00FF3A07 /* Debug */ = {
			isa = XCBuildConfiguration;
			buildSettings = {
				ASSETCATALOG_COMPILER_APPICON_NAME = AppIcon;
				CODE_SIGN_STYLE = Automatic;
				INFOPLIST_FILE = LoadDataFromPlist/Info.plist;
				LD_RUNPATH_SEARCH_PATHS = (
					"$(inherited)",
					"@executable_path/Frameworks",
				);
				PRODUCT_BUNDLE_IDENTIFIER = "-.LoadDataFromPlist";
				PRODUCT_NAME = "$(TARGET_NAME)";
				SWIFT_VERSION = 4.0;
				TARGETED_DEVICE_FAMILY = "1,2";
			};
			name = Debug;
		};
		970E85122243277E00FF3A07 /* Release */ = {
			isa = XCBuildConfiguration;
			buildSettings = {
				ASSETCATALOG_COMPILER_APPICON_NAME = AppIcon;
				CODE_SIGN_STYLE = Automatic;
				INFOPLIST_FILE = LoadDataFromPlist/Info.plist;
				LD_RUNPATH_SEARCH_PATHS = (
					"$(inherited)",
					"@executable_path/Frameworks",
				);
				PRODUCT_BUNDLE_IDENTIFIER = "-.LoadDataFromPlist";
				PRODUCT_NAME = "$(TARGET_NAME)";
				SWIFT_VERSION = 4.0;
				TARGETED_DEVICE_FAMILY = "1,2";
			};
			name = Release;
		};
/* End XCBuildConfiguration section */

/* Begin XCConfigurationList section */
		970E84F92243277C00FF3A07 /* Build configuration list for PBXProject "LoadDataFromPlist" */ = {
			isa = XCConfigurationList;
			buildConfigurations = (
				970E850E2243277E00FF3A07 /* Debug */,
				970E850F2243277E00FF3A07 /* Release */,
			);
			defaultConfigurationIsVisible = 0;
			defaultConfigurationName = Release;
		};
		970E85102243277E00FF3A07 /* Build configuration list for PBXNativeTarget "LoadDataFromPlist" */ = {
			isa = XCConfigurationList;
			buildConfigurations = (
				970E85112243277E00FF3A07 /* Debug */,
				970E85122243277E00FF3A07 /* Release */,
			);
			defaultConfigurationIsVisible = 0;
			defaultConfigurationName = Release;
		};
/* End XCConfigurationList section */
	};
	rootObject = 970E84F62243277C00FF3A07 /* Project object */;
}
